
Microsoft Visual Studio Solution File, Format Version 12.00
# Visual Studio Version 16
VisualStudioVersion = 16.0.32510.428
MinimumVisualStudioVersion = 10.0.40219.1
Project("{9A19103F-16F7-4668-BE54-9A1E7A4F7556}") = "APlusB", "SumOfTwoDigits\APlusB.csproj", "{328374B9-B1B7-48F3-9232-406AFA2C772C}"
EndProject
Project("{FAE04EC0-301F-11D3-BF4B-00C04F79EFBC}") = "MaxPairwiseProduct", "MaxPairwiseProduct\MaxPairwiseProduct.csproj", "{CE5C68AB-57FE-4EE8-8427-266BED82BE06}"
EndProject
Global
	GlobalSection(SolutionConfigurationPlatforms) = preSolution
		Debug|Any CPU = Debug|Any CPU
		Release|Any CPU = Release|Any CPU
	EndGlobalSection
	GlobalSection(ProjectConfigurationPlatforms) = postSolution
		{328374B9-B1B7-48F3-9232-406AFA2C772C}.Debug|Any CPU.ActiveCfg = Debug|Any CPU
		{328374B9-B1B7-48F3-9232-406AFA2C772C}.Debug|Any CPU.Build.0 = Debug|Any CPU
		{328374B9-B1B7-48F3-9232-406AFA2C772C}.Release|Any CPU.ActiveCfg = Release|Any CPU
		{328374B9-B1B7-48F3-9232-406AFA2C772C}.Release|Any CPU.Build.0 = Release|Any CPU
		{CE5C68AB-57FE-4EE8-8427-266BED82BE06}.Debug|Any CPU.ActiveCfg = Debug|Any CPU
		{CE5C68AB-57FE-4EE8-8427-266BED82BE06}.Debug|Any CPU.Build.0 = Debug|Any CPU
		{CE5C68AB-57FE-4EE8-8427-266BED82BE06}.Release|Any CPU.ActiveCfg = Release|Any CPU
		{CE5C68AB-57FE-4EE8-8427-266BED82BE06}.Release|Any CPU.Build.0 = Release|Any CPU
	EndGlobalSection
	GlobalSection(SolutionProperties) = preSolution
		HideSolutionNode = FALSE
	EndGlobalSection
	GlobalSection(ExtensibilityGlobals) = postSolution
		SolutionGuid = {B86726B0-2EF8-4478-9EDD-49792833421B}
	EndGlobalSection
EndGlobal
